
Microsoft Visual Studio Solution File, Format Version 12.00
# Visual Studio 14
VisualStudioVersion = 14.0.25420.1
MinimumVisualStudioVersion = 10.0.40219.1
Project("{FAE04EC0-301F-11D3-BF4B-00C04F79EFBC}") = "CacheLibrary.Tests", "..\..\..\fonedynamics_Exercise\Test_fonedynamics\CacheLibrary.Tests.csproj", "{C95A726C-3591-4306-8373-77F75B4708E5}"
EndProject
Project("{FAE04EC0-301F-11D3-BF4B-00C04F79EFBC}") = "CacheLibrary", "..\..\..\fonedynamics_Exercise\CacheLibrary\CacheLibrary.csproj", "{4CD91D77-FAB5-4441-86E5-0D14220DB855}"
EndProject
Global
	GlobalSection(SolutionConfigurationPlatforms) = preSolution
		Debug|Any CPU = Debug|Any CPU
		Release|Any CPU = Release|Any CPU
	EndGlobalSection
	GlobalSection(ProjectConfigurationPlatforms) = postSolution
		{C95A726C-3591-4306-8373-77F75B4708E5}.Debug|Any CPU.ActiveCfg = Debug|Any CPU
		{C95A726C-3591-4306-8373-77F75B4708E5}.Debug|Any CPU.Build.0 = Debug|Any CPU
		{C95A726C-3591-4306-8373-77F75B4708E5}.Release|Any CPU.ActiveCfg = Release|Any CPU
		{C95A726C-3591-4306-8373-77F75B4708E5}.Release|Any CPU.Build.0 = Release|Any CPU
		{4CD91D77-FAB5-4441-86E5-0D14220DB855}.Debug|Any CPU.ActiveCfg = Debug|Any CPU
		{4CD91D77-FAB5-4441-86E5-0D14220DB855}.Debug|Any CPU.Build.0 = Debug|Any CPU
		{4CD91D77-FAB5-4441-86E5-0D14220DB855}.Release|Any CPU.ActiveCfg = Release|Any CPU
		{4CD91D77-FAB5-4441-86E5-0D14220DB855}.Release|Any CPU.Build.0 = Release|Any CPU
	EndGlobalSection
	GlobalSection(SolutionProperties) = preSolution
		HideSolutionNode = FALSE
	EndGlobalSection
EndGlobal
